
Microsoft Visual Studio Solution File, Format Version 12.00
Project("{2150E333-8FDC-42A3-9474-1A3956D46DE8}") = "1. Enterprise Business Rules", "1. Enterprise Business Rules", "{0DB70A74-52C2-4E98-ABC0-722A9CC77408}"
EndProject
Project("{FAE04EC0-301F-11D3-BF4B-00C04F79EFBC}") = "Model", "Model\Model.csproj", "{700CF597-613C-4D1C-B1F6-877F0FACFB77}"
EndProject
Project("{FAE04EC0-301F-11D3-BF4B-00C04F79EFBC}") = "SeedWork", "SeedWork\SeedWork.csproj", "{1538869F-E9C1-417A-AFF5-7257301B4156}"
EndProject
Project("{2150E333-8FDC-42A3-9474-1A3956D46DE8}") = "UnitTests", "UnitTests", "{1DD3C029-06FB-4AF0-A005-209706713796}"
EndProject
Project("{FAE04EC0-301F-11D3-BF4B-00C04F79EFBC}") = "Model.Tests", "Model.Tests\Model.Tests.csproj", "{10495818-867B-41DE-A172-C530845781AD}"
EndProject
Project("{2150E333-8FDC-42A3-9474-1A3956D46DE8}") = "2. Application Business Rules", "2. Application Business Rules", "{14776811-A30B-4485-BF30-87ADF48A4E55}"
EndProject
Project("{FAE04EC0-301F-11D3-BF4B-00C04F79EFBC}") = "Common.Interfaces", "Common.Interfaces\Common.Interfaces.csproj", "{B15379DF-1B0E-4032-9A14-9DEA24DC8274}"
EndProject
Project("{FAE04EC0-301F-11D3-BF4B-00C04F79EFBC}") = "UseCasesPorts", "UseCasesPorts\UseCasesPorts.csproj", "{C632DAD9-30CC-4E3F-9BC6-C798DF02E54C}"
EndProject
Project("{FAE04EC0-301F-11D3-BF4B-00C04F79EFBC}") = "DTOs", "DTOs\DTOs.csproj", "{DD91E09B-BD8F-4DCF-B792-FA7C3F6F3AC7}"
EndProject
Project("{FAE04EC0-301F-11D3-BF4B-00C04F79EFBC}") = "Common.Repositories", "Common.Repositories\Common.Repositories.csproj", "{EA3C2DE5-719E-4284-9E4B-07ECF23DA4FB}"
EndProject
Project("{2150E333-8FDC-42A3-9474-1A3956D46DE8}") = "3. Interface Adapters", "3. Interface Adapters", "{E49F617F-9831-4D51-8071-9CA6629AABF4}"
EndProject
Project("{2150E333-8FDC-42A3-9474-1A3956D46DE8}") = "Controllers", "Controllers", "{99D8C3AA-96D5-4C8E-9AB4-6A07B4A06ACD}"
EndProject
Project("{FAE04EC0-301F-11D3-BF4B-00C04F79EFBC}") = "Controllers", "Controllers\Controllers.csproj", "{77531E41-FE69-4DF8-965D-E9C692C26FD8}"
EndProject
Project("{FAE04EC0-301F-11D3-BF4B-00C04F79EFBC}") = "UseCases", "UseCases\UseCases.csproj", "{DF2FD2DF-7FD7-4F44-B1FF-1DABEB61B8C0}"
EndProject
Project("{FAE04EC0-301F-11D3-BF4B-00C04F79EFBC}") = "UseCases.Tests", "UseCases.Tests\UseCases.Tests.csproj", "{7FF14FCD-A96E-4E65-8D16-636F975BA87F}"
EndProject
Project("{2150E333-8FDC-42A3-9474-1A3956D46DE8}") = "Presenters", "Presenters", "{E8F5F0F3-2D77-4E2D-9482-04B1C3F1252E}"
EndProject
Global
	GlobalSection(SolutionConfigurationPlatforms) = preSolution
		Debug|Any CPU = Debug|Any CPU
		Release|Any CPU = Release|Any CPU
	EndGlobalSection
	GlobalSection(NestedProjects) = preSolution
		{700CF597-613C-4D1C-B1F6-877F0FACFB77} = {0DB70A74-52C2-4E98-ABC0-722A9CC77408}
		{1538869F-E9C1-417A-AFF5-7257301B4156} = {0DB70A74-52C2-4E98-ABC0-722A9CC77408}
		{10495818-867B-41DE-A172-C530845781AD} = {1DD3C029-06FB-4AF0-A005-209706713796}
		{B15379DF-1B0E-4032-9A14-9DEA24DC8274} = {14776811-A30B-4485-BF30-87ADF48A4E55}
		{C632DAD9-30CC-4E3F-9BC6-C798DF02E54C} = {14776811-A30B-4485-BF30-87ADF48A4E55}
		{DD91E09B-BD8F-4DCF-B792-FA7C3F6F3AC7} = {14776811-A30B-4485-BF30-87ADF48A4E55}
		{EA3C2DE5-719E-4284-9E4B-07ECF23DA4FB} = {14776811-A30B-4485-BF30-87ADF48A4E55}
		{99D8C3AA-96D5-4C8E-9AB4-6A07B4A06ACD} = {E49F617F-9831-4D51-8071-9CA6629AABF4}
		{77531E41-FE69-4DF8-965D-E9C692C26FD8} = {99D8C3AA-96D5-4C8E-9AB4-6A07B4A06ACD}
		{DF2FD2DF-7FD7-4F44-B1FF-1DABEB61B8C0} = {14776811-A30B-4485-BF30-87ADF48A4E55}
		{7FF14FCD-A96E-4E65-8D16-636F975BA87F} = {1DD3C029-06FB-4AF0-A005-209706713796}
		{E8F5F0F3-2D77-4E2D-9482-04B1C3F1252E} = {E49F617F-9831-4D51-8071-9CA6629AABF4}
	EndGlobalSection
	GlobalSection(ProjectConfigurationPlatforms) = postSolution
		{700CF597-613C-4D1C-B1F6-877F0FACFB77}.Debug|Any CPU.ActiveCfg = Debug|Any CPU
		{700CF597-613C-4D1C-B1F6-877F0FACFB77}.Debug|Any CPU.Build.0 = Debug|Any CPU
		{700CF597-613C-4D1C-B1F6-877F0FACFB77}.Release|Any CPU.ActiveCfg = Release|Any CPU
		{700CF597-613C-4D1C-B1F6-877F0FACFB77}.Release|Any CPU.Build.0 = Release|Any CPU
		{1538869F-E9C1-417A-AFF5-7257301B4156}.Debug|Any CPU.ActiveCfg = Debug|Any CPU
		{1538869F-E9C1-417A-AFF5-7257301B4156}.Debug|Any CPU.Build.0 = Debug|Any CPU
		{1538869F-E9C1-417A-AFF5-7257301B4156}.Release|Any CPU.ActiveCfg = Release|Any CPU
		{1538869F-E9C1-417A-AFF5-7257301B4156}.Release|Any CPU.Build.0 = Release|Any CPU
		{10495818-867B-41DE-A172-C530845781AD}.Debug|Any CPU.ActiveCfg = Debug|Any CPU
		{10495818-867B-41DE-A172-C530845781AD}.Debug|Any CPU.Build.0 = Debug|Any CPU
		{10495818-867B-41DE-A172-C530845781AD}.Release|Any CPU.ActiveCfg = Release|Any CPU
		{10495818-867B-41DE-A172-C530845781AD}.Release|Any CPU.Build.0 = Release|Any CPU
		{B15379DF-1B0E-4032-9A14-9DEA24DC8274}.Debug|Any CPU.ActiveCfg = Debug|Any CPU
		{B15379DF-1B0E-4032-9A14-9DEA24DC8274}.Debug|Any CPU.Build.0 = Debug|Any CPU
		{B15379DF-1B0E-4032-9A14-9DEA24DC8274}.Release|Any CPU.ActiveCfg = Release|Any CPU
		{B15379DF-1B0E-4032-9A14-9DEA24DC8274}.Release|Any CPU.Build.0 = Release|Any CPU
		{C632DAD9-30CC-4E3F-9BC6-C798DF02E54C}.Debug|Any CPU.ActiveCfg = Debug|Any CPU
		{C632DAD9-30CC-4E3F-9BC6-C798DF02E54C}.Debug|Any CPU.Build.0 = Debug|Any CPU
		{C632DAD9-30CC-4E3F-9BC6-C798DF02E54C}.Release|Any CPU.ActiveCfg = Release|Any CPU
		{C632DAD9-30CC-4E3F-9BC6-C798DF02E54C}.Release|Any CPU.Build.0 = Release|Any CPU
		{DD91E09B-BD8F-4DCF-B792-FA7C3F6F3AC7}.Debug|Any CPU.ActiveCfg = Debug|Any CPU
		{DD91E09B-BD8F-4DCF-B792-FA7C3F6F3AC7}.Debug|Any CPU.Build.0 = Debug|Any CPU
		{DD91E09B-BD8F-4DCF-B792-FA7C3F6F3AC7}.Release|Any CPU.ActiveCfg = Release|Any CPU
		{DD91E09B-BD8F-4DCF-B792-FA7C3F6F3AC7}.Release|Any CPU.Build.0 = Release|Any CPU
		{EA3C2DE5-719E-4284-9E4B-07ECF23DA4FB}.Debug|Any CPU.ActiveCfg = Debug|Any CPU
		{EA3C2DE5-719E-4284-9E4B-07ECF23DA4FB}.Debug|Any CPU.Build.0 = Debug|Any CPU
		{EA3C2DE5-719E-4284-9E4B-07ECF23DA4FB}.Release|Any CPU.ActiveCfg = Release|Any CPU
		{EA3C2DE5-719E-4284-9E4B-07ECF23DA4FB}.Release|Any CPU.Build.0 = Release|Any CPU
		{77531E41-FE69-4DF8-965D-E9C692C26FD8}.Debug|Any CPU.ActiveCfg = Debug|Any CPU
		{77531E41-FE69-4DF8-965D-E9C692C26FD8}.Debug|Any CPU.Build.0 = Debug|Any CPU
		{77531E41-FE69-4DF8-965D-E9C692C26FD8}.Release|Any CPU.ActiveCfg = Release|Any CPU
		{77531E41-FE69-4DF8-965D-E9C692C26FD8}.Release|Any CPU.Build.0 = Release|Any CPU
		{DF2FD2DF-7FD7-4F44-B1FF-1DABEB61B8C0}.Debug|Any CPU.ActiveCfg = Debug|Any CPU
		{DF2FD2DF-7FD7-4F44-B1FF-1DABEB61B8C0}.Debug|Any CPU.Build.0 = Debug|Any CPU
		{DF2FD2DF-7FD7-4F44-B1FF-1DABEB61B8C0}.Release|Any CPU.ActiveCfg = Release|Any CPU
		{DF2FD2DF-7FD7-4F44-B1FF-1DABEB61B8C0}.Release|Any CPU.Build.0 = Release|Any CPU
		{7FF14FCD-A96E-4E65-8D16-636F975BA87F}.Debug|Any CPU.ActiveCfg = Debug|Any CPU
		{7FF14FCD-A96E-4E65-8D16-636F975BA87F}.Debug|Any CPU.Build.0 = Debug|Any CPU
		{7FF14FCD-A96E-4E65-8D16-636F975BA87F}.Release|Any CPU.ActiveCfg = Release|Any CPU
		{7FF14FCD-A96E-4E65-8D16-636F975BA87F}.Release|Any CPU.Build.0 = Release|Any CPU
	EndGlobalSection
EndGlobal
